
Microsoft Visual Studio Solution File, Format Version 12.00
# Visual Studio Version 17
VisualStudioVersion = 17.4.33205.214
MinimumVisualStudioVersion = 10.0.40219.1
Project("{2150E333-8FDC-42A3-9474-1A3956D46DE8}") = "Core", "Core", "{F70C9B6D-073F-4CFC-98C7-57F1C20AA3C6}"
EndProject
Project("{9A19103F-16F7-4668-BE54-9A1E7A4F7556}") = "CarBook.Domain", "Core\CarBook.Domain\CarBook.Domain.csproj", "{3BA7FB93-E900-4279-B691-80D9102E7112}"
EndProject
Project("{2150E333-8FDC-42A3-9474-1A3956D46DE8}") = "Infrastructure", "Infrastructure", "{72C73DF9-14E0-4BB9-85EC-E7D39CAE9B5B}"
EndProject
Project("{9A19103F-16F7-4668-BE54-9A1E7A4F7556}") = "CarBook.Persistence", "Infrastructure\CarBook.Persistence\CarBook.Persistence.csproj", "{E62173B1-C0AF-4C8B-87B9-6CAE90557539}"
EndProject
Project("{2150E333-8FDC-42A3-9474-1A3956D46DE8}") = "Presentation", "Presentation", "{AD631736-483D-4BAD-8882-FAF45EAB372B}"
EndProject
Project("{9A19103F-16F7-4668-BE54-9A1E7A4F7556}") = "CarBook.WebApi", "Presentation\CarBook.WebApi\CarBook.WebApi.csproj", "{49546573-BED9-41AF-BF2B-F99656FFCCD7}"
EndProject
Project("{9A19103F-16F7-4668-BE54-9A1E7A4F7556}") = "CarBook.Application", "Core\CarBook.Application\CarBook.Application.csproj", "{A6F818C0-C22A-4099-A9CA-479A58354E2E}"
EndProject
Project("{2150E333-8FDC-42A3-9474-1A3956D46DE8}") = "Frontends", "Frontends", "{421CC2BD-E13D-4E39-B3F3-E21C0328C14B}"
EndProject
Project("{9A19103F-16F7-4668-BE54-9A1E7A4F7556}") = "CarBook.WebUI", "Frontends\CarBook.WebUI\CarBook.WebUI.csproj", "{9AC6C450-454B-4BBF-80CC-B4BA8A8D515C}"
EndProject
Project("{FAE04EC0-301F-11D3-BF4B-00C04F79EFBC}") = "CarBook.Dto", "Frontends\CarBook.Dto\CarBook.Dto.csproj", "{C6AA75A8-B336-4539-81FE-80389EA39797}"
EndProject
Global
	GlobalSection(SolutionConfigurationPlatforms) = preSolution
		Debug|Any CPU = Debug|Any CPU
		Release|Any CPU = Release|Any CPU
	EndGlobalSection
	GlobalSection(ProjectConfigurationPlatforms) = postSolution
		{3BA7FB93-E900-4279-B691-80D9102E7112}.Debug|Any CPU.ActiveCfg = Debug|Any CPU
		{3BA7FB93-E900-4279-B691-80D9102E7112}.Debug|Any CPU.Build.0 = Debug|Any CPU
		{3BA7FB93-E900-4279-B691-80D9102E7112}.Release|Any CPU.ActiveCfg = Release|Any CPU
		{3BA7FB93-E900-4279-B691-80D9102E7112}.Release|Any CPU.Build.0 = Release|Any CPU
		{E62173B1-C0AF-4C8B-87B9-6CAE90557539}.Debug|Any CPU.ActiveCfg = Debug|Any CPU
		{E62173B1-C0AF-4C8B-87B9-6CAE90557539}.Debug|Any CPU.Build.0 = Debug|Any CPU
		{E62173B1-C0AF-4C8B-87B9-6CAE90557539}.Release|Any CPU.ActiveCfg = Release|Any CPU
		{E62173B1-C0AF-4C8B-87B9-6CAE90557539}.Release|Any CPU.Build.0 = Release|Any CPU
		{49546573-BED9-41AF-BF2B-F99656FFCCD7}.Debug|Any CPU.ActiveCfg = Debug|Any CPU
		{49546573-BED9-41AF-BF2B-F99656FFCCD7}.Debug|Any CPU.Build.0 = Debug|Any CPU
		{49546573-BED9-41AF-BF2B-F99656FFCCD7}.Release|Any CPU.ActiveCfg = Release|Any CPU
		{49546573-BED9-41AF-BF2B-F99656FFCCD7}.Release|Any CPU.Build.0 = Release|Any CPU
		{A6F818C0-C22A-4099-A9CA-479A58354E2E}.Debug|Any CPU.ActiveCfg = Debug|Any CPU
		{A6F818C0-C22A-4099-A9CA-479A58354E2E}.Debug|Any CPU.Build.0 = Debug|Any CPU
		{A6F818C0-C22A-4099-A9CA-479A58354E2E}.Release|Any CPU.ActiveCfg = Release|Any CPU
		{A6F818C0-C22A-4099-A9CA-479A58354E2E}.Release|Any CPU.Build.0 = Release|Any CPU
		{9AC6C450-454B-4BBF-80CC-B4BA8A8D515C}.Debug|Any CPU.ActiveCfg = Debug|Any CPU
		{9AC6C450-454B-4BBF-80CC-B4BA8A8D515C}.Debug|Any CPU.Build.0 = Debug|Any CPU
		{9AC6C450-454B-4BBF-80CC-B4BA8A8D515C}.Release|Any CPU.ActiveCfg = Release|Any CPU
		{9AC6C450-454B-4BBF-80CC-B4BA8A8D515C}.Release|Any CPU.Build.0 = Release|Any CPU
		{C6AA75A8-B336-4539-81FE-80389EA39797}.Debug|Any CPU.ActiveCfg = Debug|Any CPU
		{C6AA75A8-B336-4539-81FE-80389EA39797}.Debug|Any CPU.Build.0 = Debug|Any CPU
		{C6AA75A8-B336-4539-81FE-80389EA39797}.Release|Any CPU.ActiveCfg = Release|Any CPU
		{C6AA75A8-B336-4539-81FE-80389EA39797}.Release|Any CPU.Build.0 = Release|Any CPU
	EndGlobalSection
	GlobalSection(SolutionProperties) = preSolution
		HideSolutionNode = FALSE
	EndGlobalSection
	GlobalSection(NestedProjects) = preSolution
		{3BA7FB93-E900-4279-B691-80D9102E7112} = {F70C9B6D-073F-4CFC-98C7-57F1C20AA3C6}
		{E62173B1-C0AF-4C8B-87B9-6CAE90557539} = {72C73DF9-14E0-4BB9-85EC-E7D39CAE9B5B}
		{49546573-BED9-41AF-BF2B-F99656FFCCD7} = {AD631736-483D-4BAD-8882-FAF45EAB372B}
		{A6F818C0-C22A-4099-A9CA-479A58354E2E} = {F70C9B6D-073F-4CFC-98C7-57F1C20AA3C6}
		{9AC6C450-454B-4BBF-80CC-B4BA8A8D515C} = {421CC2BD-E13D-4E39-B3F3-E21C0328C14B}
		{C6AA75A8-B336-4539-81FE-80389EA39797} = {421CC2BD-E13D-4E39-B3F3-E21C0328C14B}
	EndGlobalSection
	GlobalSection(ExtensibilityGlobals) = postSolution
		SolutionGuid = {3DF3B4F3-D4DA-42B9-83CA-01C2D2658F85}
	EndGlobalSection
EndGlobal
